
Microsoft Visual Studio Solution File, Format Version 12.00
# Visual Studio Version 17
VisualStudioVersion = 17.11.35327.3
MinimumVisualStudioVersion = 10.0.40219.1
Project("{FAE04EC0-301F-11D3-BF4B-00C04F79EFBC}") = "01. SmallestOfThreeNumbers", "01. SmallestOfThreeNumbers\01. SmallestOfThreeNumbers.csproj", "{B1B133C0-C687-47B4-ABEA-EE8AB6763210}"
EndProject
Project("{FAE04EC0-301F-11D3-BF4B-00C04F79EFBC}") = "02.VowelsCount", "02.VowelsCount\02.VowelsCount.csproj", "{85730468-B8C9-49AC-8F24-37A5A6971C35}"
EndProject
Project("{FAE04EC0-301F-11D3-BF4B-00C04F79EFBC}") = "03.CharactersInRange", "03.CharactersInRange\03.CharactersInRange.csproj", "{A6B31CE9-8831-4CB9-BB5F-1F8A7D7E2089}"
EndProject
Project("{FAE04EC0-301F-11D3-BF4B-00C04F79EFBC}") = "04.PasswordValidator", "04.PasswordValidator\04.PasswordValidator.csproj", "{E0778549-D35B-4A56-A288-BEB14D3DD286}"
EndProject
Project("{FAE04EC0-301F-11D3-BF4B-00C04F79EFBC}") = "05.AddSubtract", "05.AddSubtract\05.AddSubtract.csproj", "{0374B05F-3964-4147-8D78-D1CE21728AF1}"
EndProject
Project("{FAE04EC0-301F-11D3-BF4B-00C04F79EFBC}") = "06.MiddleCharacters", "06.MiddleCharacters\06.MiddleCharacters.csproj", "{4D6D048B-2A8D-4292-9788-A9ACF10AFC77}"
EndProject
Project("{FAE04EC0-301F-11D3-BF4B-00C04F79EFBC}") = "07.NxNMatrix", "07.NxNMatrix\07.NxNMatrix.csproj", "{C9EF5742-BA58-4248-B957-18E0B435F64B}"
EndProject
Project("{FAE04EC0-301F-11D3-BF4B-00C04F79EFBC}") = "08.FactorialDivision", "08.FactorialDivision\08.FactorialDivision.csproj", "{28681809-36E6-4E01-8594-244F9CFDF6FE}"
EndProject
Project("{FAE04EC0-301F-11D3-BF4B-00C04F79EFBC}") = "09.PalindromeIntegers", "09.PalindromeIntegers\09.PalindromeIntegers.csproj", "{E31D62A3-D223-48C8-BDD0-6225C0256056}"
EndProject
Project("{FAE04EC0-301F-11D3-BF4B-00C04F79EFBC}") = "10.TopNumber", "10.TopNumber\10.TopNumber.csproj", "{46B52925-E269-479C-8DEA-C95CA257E76B}"
EndProject
Project("{FAE04EC0-301F-11D3-BF4B-00C04F79EFBC}") = "11. ArrayManipulator", "11. ArrayManipulator\11. ArrayManipulator.csproj", "{ACA8ED67-CC28-4B75-9425-7B53C46251E5}"
EndProject
Global
	GlobalSection(SolutionConfigurationPlatforms) = preSolution
		Debug|Any CPU = Debug|Any CPU
		Release|Any CPU = Release|Any CPU
	EndGlobalSection
	GlobalSection(ProjectConfigurationPlatforms) = postSolution
		{B1B133C0-C687-47B4-ABEA-EE8AB6763210}.Debug|Any CPU.ActiveCfg = Debug|Any CPU
		{B1B133C0-C687-47B4-ABEA-EE8AB6763210}.Debug|Any CPU.Build.0 = Debug|Any CPU
		{B1B133C0-C687-47B4-ABEA-EE8AB6763210}.Release|Any CPU.ActiveCfg = Release|Any CPU
		{B1B133C0-C687-47B4-ABEA-EE8AB6763210}.Release|Any CPU.Build.0 = Release|Any CPU
		{85730468-B8C9-49AC-8F24-37A5A6971C35}.Debug|Any CPU.ActiveCfg = Debug|Any CPU
		{85730468-B8C9-49AC-8F24-37A5A6971C35}.Debug|Any CPU.Build.0 = Debug|Any CPU
		{85730468-B8C9-49AC-8F24-37A5A6971C35}.Release|Any CPU.ActiveCfg = Release|Any CPU
		{85730468-B8C9-49AC-8F24-37A5A6971C35}.Release|Any CPU.Build.0 = Release|Any CPU
		{A6B31CE9-8831-4CB9-BB5F-1F8A7D7E2089}.Debug|Any CPU.ActiveCfg = Debug|Any CPU
		{A6B31CE9-8831-4CB9-BB5F-1F8A7D7E2089}.Debug|Any CPU.Build.0 = Debug|Any CPU
		{A6B31CE9-8831-4CB9-BB5F-1F8A7D7E2089}.Release|Any CPU.ActiveCfg = Release|Any CPU
		{A6B31CE9-8831-4CB9-BB5F-1F8A7D7E2089}.Release|Any CPU.Build.0 = Release|Any CPU
		{E0778549-D35B-4A56-A288-BEB14D3DD286}.Debug|Any CPU.ActiveCfg = Debug|Any CPU
		{E0778549-D35B-4A56-A288-BEB14D3DD286}.Debug|Any CPU.Build.0 = Debug|Any CPU
		{E0778549-D35B-4A56-A288-BEB14D3DD286}.Release|Any CPU.ActiveCfg = Release|Any CPU
		{E0778549-D35B-4A56-A288-BEB14D3DD286}.Release|Any CPU.Build.0 = Release|Any CPU
		{0374B05F-3964-4147-8D78-D1CE21728AF1}.Debug|Any CPU.ActiveCfg = Debug|Any CPU
		{0374B05F-3964-4147-8D78-D1CE21728AF1}.Debug|Any CPU.Build.0 = Debug|Any CPU
		{0374B05F-3964-4147-8D78-D1CE21728AF1}.Release|Any CPU.ActiveCfg = Release|Any CPU
		{0374B05F-3964-4147-8D78-D1CE21728AF1}.Release|Any CPU.Build.0 = Release|Any CPU
		{4D6D048B-2A8D-4292-9788-A9ACF10AFC77}.Debug|Any CPU.ActiveCfg = Debug|Any CPU
		{4D6D048B-2A8D-4292-9788-A9ACF10AFC77}.Debug|Any CPU.Build.0 = Debug|Any CPU
		{4D6D048B-2A8D-4292-9788-A9ACF10AFC77}.Release|Any CPU.ActiveCfg = Release|Any CPU
		{4D6D048B-2A8D-4292-9788-A9ACF10AFC77}.Release|Any CPU.Build.0 = Release|Any CPU
		{C9EF5742-BA58-4248-B957-18E0B435F64B}.Debug|Any CPU.ActiveCfg = Debug|Any CPU
		{C9EF5742-BA58-4248-B957-18E0B435F64B}.Debug|Any CPU.Build.0 = Debug|Any CPU
		{C9EF5742-BA58-4248-B957-18E0B435F64B}.Release|Any CPU.ActiveCfg = Release|Any CPU
		{C9EF5742-BA58-4248-B957-18E0B435F64B}.Release|Any CPU.Build.0 = Release|Any CPU
		{28681809-36E6-4E01-8594-244F9CFDF6FE}.Debug|Any CPU.ActiveCfg = Debug|Any CPU
		{28681809-36E6-4E01-8594-244F9CFDF6FE}.Debug|Any CPU.Build.0 = Debug|Any CPU
		{28681809-36E6-4E01-8594-244F9CFDF6FE}.Release|Any CPU.ActiveCfg = Release|Any CPU
		{28681809-36E6-4E01-8594-244F9CFDF6FE}.Release|Any CPU.Build.0 = Release|Any CPU
		{E31D62A3-D223-48C8-BDD0-6225C0256056}.Debug|Any CPU.ActiveCfg = Debug|Any CPU
		{E31D62A3-D223-48C8-BDD0-6225C0256056}.Debug|Any CPU.Build.0 = Debug|Any CPU
		{E31D62A3-D223-48C8-BDD0-6225C0256056}.Release|Any CPU.ActiveCfg = Release|Any CPU
		{E31D62A3-D223-48C8-BDD0-6225C0256056}.Release|Any CPU.Build.0 = Release|Any CPU
		{46B52925-E269-479C-8DEA-C95CA257E76B}.Debug|Any CPU.ActiveCfg = Debug|Any CPU
		{46B52925-E269-479C-8DEA-C95CA257E76B}.Debug|Any CPU.Build.0 = Debug|Any CPU
		{46B52925-E269-479C-8DEA-C95CA257E76B}.Release|Any CPU.ActiveCfg = Release|Any CPU
		{46B52925-E269-479C-8DEA-C95CA257E76B}.Release|Any CPU.Build.0 = Release|Any CPU
		{ACA8ED67-CC28-4B75-9425-7B53C46251E5}.Debug|Any CPU.ActiveCfg = Debug|Any CPU
		{ACA8ED67-CC28-4B75-9425-7B53C46251E5}.Debug|Any CPU.Build.0 = Debug|Any CPU
		{ACA8ED67-CC28-4B75-9425-7B53C46251E5}.Release|Any CPU.ActiveCfg = Release|Any CPU
		{ACA8ED67-CC28-4B75-9425-7B53C46251E5}.Release|Any CPU.Build.0 = Release|Any CPU
	EndGlobalSection
	GlobalSection(SolutionProperties) = preSolution
		HideSolutionNode = FALSE
	EndGlobalSection
	GlobalSection(ExtensibilityGlobals) = postSolution
		SolutionGuid = {A962E970-F13F-4743-BF50-877B1D52D279}
	EndGlobalSection
EndGlobal
